
Microsoft Visual Studio Solution File, Format Version 12.00
# Visual Studio Version 17
VisualStudioVersion = 17.8.34330.188
MinimumVisualStudioVersion = 10.0.40219.1
Project("{2150E333-8FDC-42A3-9474-1A3956D46DE8}") = "Presentation", "Presentation", "{2F2FE740-96B2-4BBE-952A-976BF5BD7B78}"
EndProject
Project("{2150E333-8FDC-42A3-9474-1A3956D46DE8}") = "Infrastructure", "Infrastructure", "{9E68A365-111A-4C50-9717-9388CA967EDF}"
EndProject
Project("{FAE04EC0-301F-11D3-BF4B-00C04F79EFBC}") = "Presentation.Web", "Presentation.Web\Presentation.Web.csproj", "{F0FD9FEF-101C-4A7B-9985-0EECECFDA3FD}"
EndProject
Project("{FAE04EC0-301F-11D3-BF4B-00C04F79EFBC}") = "Infrastructure.Data", "Infrastructure.Data\Infrastructure.Data.csproj", "{7278E302-68D4-45B1-84AB-135E1A699BE3}"
EndProject
Project("{2150E333-8FDC-42A3-9474-1A3956D46DE8}") = "Core", "Core", "{EFA1CE4A-E6E5-407F-A378-E7A006326D20}"
EndProject
Project("{FAE04EC0-301F-11D3-BF4B-00C04F79EFBC}") = "Core.Domain", "Core.Domain\Core.Domain.csproj", "{9FDD643B-FCD5-4278-88F6-8D8F655FB977}"
EndProject
Project("{FAE04EC0-301F-11D3-BF4B-00C04F79EFBC}") = "Core.Application", "Core.Application\Core.Application.csproj", "{4DC92BFF-E228-440A-A9FB-127C9FF1414A}"
EndProject
Global
	GlobalSection(SolutionConfigurationPlatforms) = preSolution
		Debug|Any CPU = Debug|Any CPU
		Release|Any CPU = Release|Any CPU
	EndGlobalSection
	GlobalSection(ProjectConfigurationPlatforms) = postSolution
		{F0FD9FEF-101C-4A7B-9985-0EECECFDA3FD}.Debug|Any CPU.ActiveCfg = Debug|Any CPU
		{F0FD9FEF-101C-4A7B-9985-0EECECFDA3FD}.Debug|Any CPU.Build.0 = Debug|Any CPU
		{F0FD9FEF-101C-4A7B-9985-0EECECFDA3FD}.Release|Any CPU.ActiveCfg = Release|Any CPU
		{F0FD9FEF-101C-4A7B-9985-0EECECFDA3FD}.Release|Any CPU.Build.0 = Release|Any CPU
		{7278E302-68D4-45B1-84AB-135E1A699BE3}.Debug|Any CPU.ActiveCfg = Debug|Any CPU
		{7278E302-68D4-45B1-84AB-135E1A699BE3}.Debug|Any CPU.Build.0 = Debug|Any CPU
		{7278E302-68D4-45B1-84AB-135E1A699BE3}.Release|Any CPU.ActiveCfg = Release|Any CPU
		{7278E302-68D4-45B1-84AB-135E1A699BE3}.Release|Any CPU.Build.0 = Release|Any CPU
		{9FDD643B-FCD5-4278-88F6-8D8F655FB977}.Debug|Any CPU.ActiveCfg = Debug|Any CPU
		{9FDD643B-FCD5-4278-88F6-8D8F655FB977}.Debug|Any CPU.Build.0 = Debug|Any CPU
		{9FDD643B-FCD5-4278-88F6-8D8F655FB977}.Release|Any CPU.ActiveCfg = Release|Any CPU
		{9FDD643B-FCD5-4278-88F6-8D8F655FB977}.Release|Any CPU.Build.0 = Release|Any CPU
		{4DC92BFF-E228-440A-A9FB-127C9FF1414A}.Debug|Any CPU.ActiveCfg = Debug|Any CPU
		{4DC92BFF-E228-440A-A9FB-127C9FF1414A}.Debug|Any CPU.Build.0 = Debug|Any CPU
		{4DC92BFF-E228-440A-A9FB-127C9FF1414A}.Release|Any CPU.ActiveCfg = Release|Any CPU
		{4DC92BFF-E228-440A-A9FB-127C9FF1414A}.Release|Any CPU.Build.0 = Release|Any CPU
	EndGlobalSection
	GlobalSection(SolutionProperties) = preSolution
		HideSolutionNode = FALSE
	EndGlobalSection
	GlobalSection(NestedProjects) = preSolution
		{F0FD9FEF-101C-4A7B-9985-0EECECFDA3FD} = {2F2FE740-96B2-4BBE-952A-976BF5BD7B78}
		{7278E302-68D4-45B1-84AB-135E1A699BE3} = {9E68A365-111A-4C50-9717-9388CA967EDF}
		{9FDD643B-FCD5-4278-88F6-8D8F655FB977} = {EFA1CE4A-E6E5-407F-A378-E7A006326D20}
		{4DC92BFF-E228-440A-A9FB-127C9FF1414A} = {EFA1CE4A-E6E5-407F-A378-E7A006326D20}
	EndGlobalSection
	GlobalSection(ExtensibilityGlobals) = postSolution
		SolutionGuid = {2A593192-F212-447E-8394-140E72C75E03}
	EndGlobalSection
EndGlobal
